
Microsoft Visual Studio Solution File, Format Version 12.00
# Visual Studio Version 17
VisualStudioVersion = 17.11.35312.102
MinimumVisualStudioVersion = 10.0.40219.1
Project("{FAE04EC0-301F-11D3-BF4B-00C04F79EFBC}") = "foroLIS backend", "foroLIS backend\foroLIS backend.csproj", "{5255E0FC-E7F0-4061-A7AE-0F1A9C12F029}"
EndProject
Global
	GlobalSection(SolutionConfigurationPlatforms) = preSolution
		Debug|Any CPU = Debug|Any CPU
		Release|Any CPU = Release|Any CPU
	EndGlobalSection
	GlobalSection(ProjectConfigurationPlatforms) = postSolution
		{5255E0FC-E7F0-4061-A7AE-0F1A9C12F029}.Debug|Any CPU.ActiveCfg = Debug|Any CPU
		{5255E0FC-E7F0-4061-A7AE-0F1A9C12F029}.Debug|Any CPU.Build.0 = Debug|Any CPU
		{5255E0FC-E7F0-4061-A7AE-0F1A9C12F029}.Release|Any CPU.ActiveCfg = Release|Any CPU
		{5255E0FC-E7F0-4061-A7AE-0F1A9C12F029}.Release|Any CPU.Build.0 = Release|Any CPU
	EndGlobalSection
	GlobalSection(SolutionProperties) = preSolution
		HideSolutionNode = FALSE
	EndGlobalSection
	GlobalSection(ExtensibilityGlobals) = postSolution
		SolutionGuid = {A4D50C8D-115C-400E-95B3-91D29848E2B1}
	EndGlobalSection
EndGlobal
